
Microsoft Visual Studio Solution File, Format Version 12.00
# Visual Studio Version 17
VisualStudioVersion = 17.4.33103.184
MinimumVisualStudioVersion = 10.0.40219.1
Project("{FAE04EC0-301F-11D3-BF4B-00C04F79EFBC}") = "MatrixSharp", "MatrixSharp\MatrixSharp.csproj", "{EAB84213-7087-4DDF-A259-701C3740770A}"
EndProject
Global
	GlobalSection(SolutionConfigurationPlatforms) = preSolution
		Debug|Any CPU = Debug|Any CPU
		Release|Any CPU = Release|Any CPU
	EndGlobalSection
	GlobalSection(ProjectConfigurationPlatforms) = postSolution
		{EAB84213-7087-4DDF-A259-701C3740770A}.Debug|Any CPU.ActiveCfg = Debug|Any CPU
		{EAB84213-7087-4DDF-A259-701C3740770A}.Debug|Any CPU.Build.0 = Debug|Any CPU
		{EAB84213-7087-4DDF-A259-701C3740770A}.Release|Any CPU.ActiveCfg = Release|Any CPU
		{EAB84213-7087-4DDF-A259-701C3740770A}.Release|Any CPU.Build.0 = Release|Any CPU
	EndGlobalSection
	GlobalSection(SolutionProperties) = preSolution
		HideSolutionNode = FALSE
	EndGlobalSection
	GlobalSection(ExtensibilityGlobals) = postSolution
		SolutionGuid = {AB7DC7B9-C4C6-4E2F-A461-FC506BFBA263}
	EndGlobalSection
EndGlobal
